// !$*UTF8*$!
{
	archiveVersion = 1;
	classes = {
	};
	objectVersion = 46;
	objects = {

/* Begin PBXBuildFile section */
		C709231F1D4C45F50044660E /* AppDelegate.swift in Sources */ = {isa = PBXBuildFile; fileRef = C709231E1D4C45F50044660E /* AppDelegate.swift */; };
		C70923211D4C45F50044660E /* ViewController.swift in Sources */ = {isa = PBXBuildFile; fileRef = C70923201D4C45F50044660E /* ViewController.swift */; };
		C70923241D4C45F50044660E /* Main.storyboard in Resources */ = {isa = PBXBuildFile; fileRef = C70923221D4C45F50044660E /* Main.storyboard */; };
		C70923261D4C45F50044660E /* Assets.xcassets in Resources */ = {isa = PBXBuildFile; fileRef = C70923251D4C45F50044660E /* Assets.xcassets */; };
		C70923291D4C45F50044660E /* LaunchScreen.storyboard in Resources */ = {isa = PBXBuildFile; fileRef = C70923271D4C45F50044660E /* LaunchScreen.storyboard */; };
/* End PBXBuildFile section */

/* Begin PBXFileReference section */
		C709231B1D4C45F50044660E /* SectionIndex.app */ = {isa = PBXFileReference; explicitFileType = wrapper.application; includeInIndex = 0; path = SectionIndex.app; sourceTree = BUILT_PRODUCTS_DIR; };
		C709231E1D4C45F50044660E /* AppDelegate.swift */ = {isa = PBXFileReference; lastKnownFileType = sourcecode.swift; path = AppDelegate.swift; sourceTree = "<group>"; };
		C70923201D4C45F50044660E /* ViewController.swift */ = {isa = PBXFileReference; lastKnownFileType = sourcecode.swift; path = ViewController.swift; sourceTree = "<group>"; };
		C70923231D4C45F50044660E /* Base */ = {isa = PBXFileReference; lastKnownFileType = file.storyboard; name = Base; path = Base.lproj/Main.storyboard; sourceTree = "<group>"; };
		C70923251D4C45F50044660E /* Assets.xcassets */ = {isa = PBXFileReference; lastKnownFileType = folder.assetcatalog; path = Assets.xcassets; sourceTree = "<group>"; };
		C70923281D4C45F50044660E /* Base */ = {isa = PBXFileReference; lastKnownFileType = file.storyboard; name = Base; path = Base.lproj/LaunchScreen.storyboard; sourceTree = "<group>"; };
		C709232A1D4C45F50044660E /* Info.plist */ = {isa = PBXFileReference; lastKnownFileType = text.plist.xml; path = Info.plist; sourceTree = "<group>"; };
/* End PBXFileReference section */

/* Begin PBXFrameworksBuildPhase section */
		C70923181D4C45F50044660E /* Frameworks */ = {
			isa = PBXFrameworksBuildPhase;
			buildActionMask = 2147483647;
			files = (
			);
			runOnlyForDeploymentPostprocessing = 0;
		};
/* End PBXFrameworksBuildPhase section */

/* Begin PBXGroup section */
		C70923121D4C45F50044660E = {
			isa = PBXGroup;
			children = (
				C709231D1D4C45F50044660E /* SectionIndex */,
				C709231C1D4C45F50044660E /* Products */,
			);
			sourceTree = "<group>";
		};
		C709231C1D4C45F50044660E /* Products */ = {
			isa = PBXGroup;
			children = (
				C709231B1D4C45F50044660E /* SectionIndex.app */,
			);
			name = Products;
			sourceTree = "<group>";
		};
		C709231D1D4C45F50044660E /* SectionIndex */ = {
			isa = PBXGroup;
			children = (
				C709231E1D4C45F50044660E /* AppDelegate.swift */,
				C70923201D4C45F50044660E /* ViewController.swift */,
				C70923221D4C45F50044660E /* Main.storyboard */,
				C70923251D4C45F50044660E /* Assets.xcassets */,
				C70923271D4C45F50044660E /* LaunchScreen.storyboard */,
				C709232A1D4C45F50044660E /* Info.plist */,
			);
			path = SectionIndex;
			sourceTree = "<group>";
		};
/* End PBXGroup section */

/* Begin PBXNativeTarget section */
		C709231A1D4C45F50044660E /* SectionIndex */ = {
			isa = PBXNativeTarget;
			buildConfigurationList = C709232D1D4C45F50044660E /* Build configuration list for PBXNativeTarget "SectionIndex" */;
			buildPhases = (
				C70923171D4C45F50044660E /* Sources */,
				C70923181D4C45F50044660E /* Frameworks */,
				C70923191D4C45F50044660E /* Resources */,
			);
			buildRules = (
			);
			dependencies = (
			);
			name = SectionIndex;
			productName = SectionIndex;
			productReference = C709231B1D4C45F50044660E /* SectionIndex.app */;
			productType = "com.apple.product-type.application";
		};
/* End PBXNativeTarget section */

/* Begin PBXProject section */
		C70923131D4C45F50044660E /* Project object */ = {
			isa = PBXProject;
			attributes = {
				LastSwiftUpdateCheck = 0730;
				LastUpgradeCheck = 0730;
				ORGANIZATIONNAME = "le ha thanh";
				TargetAttributes = {
					C709231A1D4C45F50044660E = {
						CreatedOnToolsVersion = 7.3.1;
					};
				};
			};
			buildConfigurationList = C70923161D4C45F50044660E /* Build configuration list for PBXProject "SectionIndex" */;
			compatibilityVersion = "Xcode 3.2";
			developmentRegion = English;
			hasScannedForEncodings = 0;
			knownRegions = (
				en,
				Base,
			);
			mainGroup = C70923121D4C45F50044660E;
			productRefGroup = C709231C1D4C45F50044660E /* Products */;
			projectDirPath = "";
			projectRoot = "";
			targets = (
				C709231A1D4C45F50044660E /* SectionIndex */,
			);
		};
/* End PBXProject section */

/* Begin PBXResourcesBuildPhase section */
		C70923191D4C45F50044660E /* Resources */ = {
			isa = PBXResourcesBuildPhase;
			buildActionMask = 2147483647;
			files = (
				C70923291D4C45F50044660E /* LaunchScreen.storyboard in Resources */,
				C70923261D4C45F50044660E /* Assets.xcassets in Resources */,
				C70923241D4C45F50044660E /* Main.storyboard in Resources */,
			);
			runOnlyForDeploymentPostprocessing = 0;
		};
/* End PBXResourcesBuildPhase section */

/* Begin PBXSourcesBuildPhase section */
		C70923171D4C45F50044660E /* Sources */ = {
			isa = PBXSourcesBuildPhase;
			buildActionMask = 2147483647;
			files = (
				C70923211D4C45F50044660E /* ViewController.swift in Sources */,
				C709231F1D4C45F50044660E /* AppDelegate.swift in Sources */,
			);
			runOnlyForDeploymentPostprocessing = 0;
		};
/* End PBXSourcesBuildPhase section */

/* Begin PBXVariantGroup section */
		C70923221D4C45F50044660E /* Main.storyboard */ = {
			isa = PBXVariantGroup;
			children = (
				C70923231D4C45F50044660E /* Base */,
			);
			name = Main.storyboard;
			sourceTree = "<group>";
		};
		C70923271D4C45F50044660E /* LaunchScreen.storyboard */ = {
			isa = PBXVariantGroup;
			children = (
				C70923281D4C45F50044660E /* Base */,
			);
			name = LaunchScreen.storyboard;
			sourceTree = "<group>";
		};
/* End PBXVariantGroup section */

/* Begin XCBuildConfiguration section */
		C709232B1D4C45F50044660E /* Debug */ = {
			isa = XCBuildConfiguration;
			buildSettings = {
				ALWAYS_SEARCH_USER_PATHS = NO;
				CLANG_ANALYZER_NONNULL = YES;
				CLANG_CXX_LANGUAGE_STANDARD = "gnu++0x";
				CLANG_CXX_LIBRARY = "libc++";
				CLANG_ENABLE_MODULES = YES;
				CLANG_ENABLE_OBJC_ARC = YES;
				CLANG_WARN_BOOL_CONVERSION = YES;
				CLANG_WARN_CONSTANT_CONVERSION = YES;
				CLANG_WARN_DIRECT_OBJC_ISA_USAGE = YES_ERROR;
				CLANG_WARN_EMPTY_BODY = YES;
				CLANG_WARN_ENUM_CONVERSION = YES;
				CLANG_WARN_INT_CONVERSION = YES;
				CLANG_WARN_OBJC_ROOT_CLASS = YES_ERROR;
				CLANG_WARN_UNREACHABLE_CODE = YES;
				CLANG_WARN__DUPLICATE_METHOD_MATCH = YES;
				"CODE_SIGN_IDENTITY[sdk=iphoneos*]" = "iPhone Developer";
				COPY_PHASE_STRIP = NO;
				DEBUG_INFORMATION_FORMAT = dwarf;
				ENABLE_STRICT_OBJC_MSGSEND = YES;
				ENABLE_TESTABILITY = YES;
				GCC_C_LANGUAGE_STANDARD = gnu99;
				GCC_DYNAMIC_NO_PIC = NO;
				GCC_NO_COMMON_BLOCKS = YES;
				GCC_OPTIMIZATION_LEVEL = 0;
				GCC_PREPROCESSOR_DEFINITIONS = (
					"DEBUG=1",
					"$(inherited)",
				);
				GCC_WARN_64_TO_32_BIT_CONVERSION = YES;
				GCC_WARN_ABOUT_RETURN_TYPE = YES_ERROR;
				GCC_WARN_UNDECLARED_SELECTOR = YES;
				GCC_WARN_UNINITIALIZED_AUTOS = YES_AGGRESSIVE;
				GCC_WARN_UNUSED_FUNCTION = YES;
				GCC_WARN_UNUSED_VARIABLE = YES;
				IPHONEOS_DEPLOYMENT_TARGET = 9.3;
				MTL_ENABLE_DEBUG_INFO = YES;
				ONLY_ACTIVE_ARCH = YES;
				SDKROOT = iphoneos;
				SWIFT_OPTIMIZATION_LEVEL = "-Onone";
			};
			name = Debug;
		};
		C709232C1D4C45F50044660E /* Release */ = {
			isa = XCBuildConfiguration;
			buildSettings = {
				ALWAYS_SEARCH_USER_PATHS = NO;
				CLANG_ANALYZER_NONNULL = YES;
				CLANG_CXX_LANGUAGE_STANDARD = "gnu++0x";
				CLANG_CXX_LIBRARY = "libc++";
				CLANG_ENABLE_MODULES = YES;
				CLANG_ENABLE_OBJC_ARC = YES;
				CLANG_WARN_BOOL_CONVERSION = YES;
				CLANG_WARN_CONSTANT_CONVERSION = YES;
				CLANG_WARN_DIRECT_OBJC_ISA_USAGE = YES_ERROR;
				CLANG_WARN_EMPTY_BODY = YES;
				CLANG_WARN_ENUM_CONVERSION = YES;
				CLANG_WARN_INT_CONVERSION = YES;
				CLANG_WARN_OBJC_ROOT_CLASS = YES_ERROR;
				CLANG_WARN_UNREACHABLE_CODE = YES;
				CLANG_WARN__DUPLICATE_METHOD_MATCH = YES;
				"CODE_SIGN_IDENTITY[sdk=iphoneos*]" = "iPhone Developer";
				COPY_PHASE_STRIP = NO;
				DEBUG_INFORMATION_FORMAT = "dwarf-with-dsym";
				ENABLE_NS_ASSERTIONS = NO;
				ENABLE_STRICT_OBJC_MSGSEND = YES;
				GCC_C_LANGUAGE_STANDARD = gnu99;
				GCC_NO_COMMON_BLOCKS = YES;
				GCC_WARN_64_TO_32_BIT_CONVERSION = YES;
				GCC_WARN_ABOUT_RETURN_TYPE = YES_ERROR;
				GCC_WARN_UNDECLARED_SELECTOR = YES;
				GCC_WARN_UNINITIALIZED_AUTOS = YES_AGGRESSIVE;
				GCC_WARN_UNUSED_FUNCTION = YES;
				GCC_WARN_UNUSED_VARIABLE = YES;
				IPHONEOS_DEPLOYMENT_TARGET = 9.3;
				MTL_ENABLE_DEBUG_INFO = NO;
				SDKROOT = iphoneos;
				VALIDATE_PRODUCT = YES;
			};
			name = Release;
		};
		C709232E1D4C45F50044660E /* Debug */ = {
			isa = XCBuildConfiguration;
			buildSettings = {
				ASSETCATALOG_COMPILER_APPICON_NAME = AppIcon;
				INFOPLIST_FILE = SectionIndex/Info.plist;
				LD_RUNPATH_SEARCH_PATHS = "$(inherited) @executable_path/Frameworks";
				PRODUCT_BUNDLE_IDENTIFIER = superman.SectionIndex;
				PRODUCT_NAME = "$(TARGET_NAME)";
			};
			name = Debug;
		};
		C709232F1D4C45F50044660E /* Release */ = {
			isa = XCBuildConfiguration;
			buildSettings = {
				ASSETCATALOG_COMPILER_APPICON_NAME = AppIcon;
				INFOPLIST_FILE = SectionIndex/Info.plist;
				LD_RUNPATH_SEARCH_PATHS = "$(inherited) @executable_path/Frameworks";
				PRODUCT_BUNDLE_IDENTIFIER = superman.SectionIndex;
				PRODUCT_NAME = "$(TARGET_NAME)";
			};
			name = Release;
		};
/* End XCBuildConfiguration section */

/* Begin XCConfigurationList section */
		C70923161D4C45F50044660E /* Build configuration list for PBXProject "SectionIndex" */ = {
			isa = XCConfigurationList;
			buildConfigurations = (
				C709232B1D4C45F50044660E /* Debug */,
				C709232C1D4C45F50044660E /* Release */,
			);
			defaultConfigurationIsVisible = 0;
			defaultConfigurationName = Release;
		};
		C709232D1D4C45F50044660E /* Build configuration list for PBXNativeTarget "SectionIndex" */ = {
			isa = XCConfigurationList;
			buildConfigurations = (
				C709232E1D4C45F50044660E /* Debug */,
				C709232F1D4C45F50044660E /* Release */,
			);
			defaultConfigurationIsVisible = 0;
		};
/* End XCConfigurationList section */
	};
	rootObject = C70923131D4C45F50044660E /* Project object */;
}
